
Microsoft Visual Studio Solution File, Format Version 12.00
# Visual Studio Version 16
VisualStudioVersion = 16.0.31702.278
MinimumVisualStudioVersion = 10.0.40219.1
Project("{FAE04EC0-301F-11D3-BF4B-00C04F79EFBC}") = "WebApplication3", "WebApplication3\WebApplication3.csproj", "{D75AFFC5-031F-4480-8283-6889C339D04C}"
EndProject
Global
	GlobalSection(SolutionConfigurationPlatforms) = preSolution
		Debug|Any CPU = Debug|Any CPU
		Release|Any CPU = Release|Any CPU
	EndGlobalSection
	GlobalSection(ProjectConfigurationPlatforms) = postSolution
		{D75AFFC5-031F-4480-8283-6889C339D04C}.Debug|Any CPU.ActiveCfg = Debug|Any CPU
		{D75AFFC5-031F-4480-8283-6889C339D04C}.Debug|Any CPU.Build.0 = Debug|Any CPU
		{D75AFFC5-031F-4480-8283-6889C339D04C}.Release|Any CPU.ActiveCfg = Release|Any CPU
		{D75AFFC5-031F-4480-8283-6889C339D04C}.Release|Any CPU.Build.0 = Release|Any CPU
	EndGlobalSection
	GlobalSection(SolutionProperties) = preSolution
		HideSolutionNode = FALSE
	EndGlobalSection
	GlobalSection(ExtensibilityGlobals) = postSolution
		SolutionGuid = {6ABE9EBA-7E49-444A-9697-85A27BBCA940}
	EndGlobalSection
EndGlobal
